
Microsoft Visual Studio Solution File, Format Version 12.00
# Visual Studio 2013
VisualStudioVersion = 12.0.21005.1
MinimumVisualStudioVersion = 10.0.40219.1
Project("{FAE04EC0-301F-11D3-BF4B-00C04F79EFBC}") = "BrainstStackCollectionPortal", "BrainstStackCollectionPortal\BrainstStackCollectionPortal.csproj", "{0156FF9E-D009-4F72-9B8E-BF358C72E8E0}"
EndProject
Project("{FAE04EC0-301F-11D3-BF4B-00C04F79EFBC}") = "WorkFlow", "WorkFlow\WorkFlow.csproj", "{47A5FB6B-AFC3-4464-8F52-43F1CC474DD5}"
EndProject
Project("{FAE04EC0-301F-11D3-BF4B-00C04F79EFBC}") = "HelpDesk", "HelpDesk\HelpDesk.csproj", "{4495FC54-A802-4B47-814A-3EC0C3582BEA}"
EndProject
Project("{FAE04EC0-301F-11D3-BF4B-00C04F79EFBC}") = "ApparaisalSystem", "ApparaisalSystem\ApparaisalSystem.csproj", "{66A86BAE-74E8-4DBD-AC80-58614DD20FA2}"
EndProject
Project("{FAE04EC0-301F-11D3-BF4B-00C04F79EFBC}") = "LearningAndDevelopment", "LearningAndDevelopment\LearningAndDevelopment.csproj", "{B45118A9-E3B4-4310-9878-2227A69C5B52}"
EndProject
Project("{FAE04EC0-301F-11D3-BF4B-00C04F79EFBC}") = "LeaveManagementSystem", "LeaveManagementSystem\LeaveManagementSystem.csproj", "{3317C724-1B72-4227-A40B-798471A5E8ED}"
EndProject
Project("{FAE04EC0-301F-11D3-BF4B-00C04F79EFBC}") = "DocumentManagemenntSystem", "DocumentManagemenntSystem\DocumentManagemenntSystem.csproj", "{11F16B5B-93C4-49B1-BDBF-9407A6B1E185}"
EndProject
Project("{FAE04EC0-301F-11D3-BF4B-00C04F79EFBC}") = "InventoryManagementSystem", "InventoryManagementSystem\InventoryManagementSystem.csproj", "{40D90C91-CC57-4000-9835-C5822B07ADB1}"
EndProject
Project("{FAE04EC0-301F-11D3-BF4B-00C04F79EFBC}") = "CustomerRelationManagementSystem", "CustomerRelationManagementSystem\CustomerRelationManagementSystem.csproj", "{7990A955-F5E5-40BF-8935-D5363FFACB01}"
EndProject
Project("{FAE04EC0-301F-11D3-BF4B-00C04F79EFBC}") = "ProcurementManagementSystem", "ProcurementManagementSystem\ProcurementManagementSystem.csproj", "{27AF56E2-3106-4ED5-89CD-293FF1A9AE41}"
EndProject
Project("{FAE04EC0-301F-11D3-BF4B-00C04F79EFBC}") = "FinancialManagementSystem", "FinancialManagementSystem\FinancialManagementSystem.csproj", "{88C5B1D6-8338-4F3A-B4CB-4C6A3F73908B}"
EndProject
Global
	GlobalSection(SolutionConfigurationPlatforms) = preSolution
		Debug|Any CPU = Debug|Any CPU
		Release|Any CPU = Release|Any CPU
	EndGlobalSection
	GlobalSection(ProjectConfigurationPlatforms) = postSolution
		{0156FF9E-D009-4F72-9B8E-BF358C72E8E0}.Debug|Any CPU.ActiveCfg = Debug|Any CPU
		{0156FF9E-D009-4F72-9B8E-BF358C72E8E0}.Debug|Any CPU.Build.0 = Debug|Any CPU
		{0156FF9E-D009-4F72-9B8E-BF358C72E8E0}.Release|Any CPU.ActiveCfg = Release|Any CPU
		{0156FF9E-D009-4F72-9B8E-BF358C72E8E0}.Release|Any CPU.Build.0 = Release|Any CPU
		{47A5FB6B-AFC3-4464-8F52-43F1CC474DD5}.Debug|Any CPU.ActiveCfg = Debug|Any CPU
		{47A5FB6B-AFC3-4464-8F52-43F1CC474DD5}.Debug|Any CPU.Build.0 = Debug|Any CPU
		{47A5FB6B-AFC3-4464-8F52-43F1CC474DD5}.Release|Any CPU.ActiveCfg = Release|Any CPU
		{47A5FB6B-AFC3-4464-8F52-43F1CC474DD5}.Release|Any CPU.Build.0 = Release|Any CPU
		{4495FC54-A802-4B47-814A-3EC0C3582BEA}.Debug|Any CPU.ActiveCfg = Debug|Any CPU
		{4495FC54-A802-4B47-814A-3EC0C3582BEA}.Debug|Any CPU.Build.0 = Debug|Any CPU
		{4495FC54-A802-4B47-814A-3EC0C3582BEA}.Release|Any CPU.ActiveCfg = Release|Any CPU
		{4495FC54-A802-4B47-814A-3EC0C3582BEA}.Release|Any CPU.Build.0 = Release|Any CPU
		{66A86BAE-74E8-4DBD-AC80-58614DD20FA2}.Debug|Any CPU.ActiveCfg = Debug|Any CPU
		{66A86BAE-74E8-4DBD-AC80-58614DD20FA2}.Debug|Any CPU.Build.0 = Debug|Any CPU
		{66A86BAE-74E8-4DBD-AC80-58614DD20FA2}.Release|Any CPU.ActiveCfg = Release|Any CPU
		{66A86BAE-74E8-4DBD-AC80-58614DD20FA2}.Release|Any CPU.Build.0 = Release|Any CPU
		{B45118A9-E3B4-4310-9878-2227A69C5B52}.Debug|Any CPU.ActiveCfg = Debug|Any CPU
		{B45118A9-E3B4-4310-9878-2227A69C5B52}.Debug|Any CPU.Build.0 = Debug|Any CPU
		{B45118A9-E3B4-4310-9878-2227A69C5B52}.Release|Any CPU.ActiveCfg = Release|Any CPU
		{B45118A9-E3B4-4310-9878-2227A69C5B52}.Release|Any CPU.Build.0 = Release|Any CPU
		{3317C724-1B72-4227-A40B-798471A5E8ED}.Debug|Any CPU.ActiveCfg = Debug|Any CPU
		{3317C724-1B72-4227-A40B-798471A5E8ED}.Debug|Any CPU.Build.0 = Debug|Any CPU
		{3317C724-1B72-4227-A40B-798471A5E8ED}.Release|Any CPU.ActiveCfg = Release|Any CPU
		{3317C724-1B72-4227-A40B-798471A5E8ED}.Release|Any CPU.Build.0 = Release|Any CPU
		{11F16B5B-93C4-49B1-BDBF-9407A6B1E185}.Debug|Any CPU.ActiveCfg = Debug|Any CPU
		{11F16B5B-93C4-49B1-BDBF-9407A6B1E185}.Debug|Any CPU.Build.0 = Debug|Any CPU
		{11F16B5B-93C4-49B1-BDBF-9407A6B1E185}.Release|Any CPU.ActiveCfg = Release|Any CPU
		{11F16B5B-93C4-49B1-BDBF-9407A6B1E185}.Release|Any CPU.Build.0 = Release|Any CPU
		{40D90C91-CC57-4000-9835-C5822B07ADB1}.Debug|Any CPU.ActiveCfg = Debug|Any CPU
		{40D90C91-CC57-4000-9835-C5822B07ADB1}.Debug|Any CPU.Build.0 = Debug|Any CPU
		{40D90C91-CC57-4000-9835-C5822B07ADB1}.Release|Any CPU.ActiveCfg = Release|Any CPU
		{40D90C91-CC57-4000-9835-C5822B07ADB1}.Release|Any CPU.Build.0 = Release|Any CPU
		{7990A955-F5E5-40BF-8935-D5363FFACB01}.Debug|Any CPU.ActiveCfg = Debug|Any CPU
		{7990A955-F5E5-40BF-8935-D5363FFACB01}.Debug|Any CPU.Build.0 = Debug|Any CPU
		{7990A955-F5E5-40BF-8935-D5363FFACB01}.Release|Any CPU.ActiveCfg = Release|Any CPU
		{7990A955-F5E5-40BF-8935-D5363FFACB01}.Release|Any CPU.Build.0 = Release|Any CPU
		{27AF56E2-3106-4ED5-89CD-293FF1A9AE41}.Debug|Any CPU.ActiveCfg = Debug|Any CPU
		{27AF56E2-3106-4ED5-89CD-293FF1A9AE41}.Debug|Any CPU.Build.0 = Debug|Any CPU
		{27AF56E2-3106-4ED5-89CD-293FF1A9AE41}.Release|Any CPU.ActiveCfg = Release|Any CPU
		{27AF56E2-3106-4ED5-89CD-293FF1A9AE41}.Release|Any CPU.Build.0 = Release|Any CPU
		{88C5B1D6-8338-4F3A-B4CB-4C6A3F73908B}.Debug|Any CPU.ActiveCfg = Debug|Any CPU
		{88C5B1D6-8338-4F3A-B4CB-4C6A3F73908B}.Debug|Any CPU.Build.0 = Debug|Any CPU
		{88C5B1D6-8338-4F3A-B4CB-4C6A3F73908B}.Release|Any CPU.ActiveCfg = Release|Any CPU
		{88C5B1D6-8338-4F3A-B4CB-4C6A3F73908B}.Release|Any CPU.Build.0 = Release|Any CPU
	EndGlobalSection
	GlobalSection(SolutionProperties) = preSolution
		HideSolutionNode = FALSE
	EndGlobalSection
EndGlobal
